
Microsoft Visual Studio Solution File, Format Version 12.00
# Visual Studio Version 17
VisualStudioVersion = 17.12.35527.113 d17.12
MinimumVisualStudioVersion = 10.0.40219.1
Project("{FAE04EC0-301F-11D3-BF4B-00C04F79EFBC}") = "VENTAS", "VENTAS\VENTAS.csproj", "{7353BC0A-7124-4874-B3A4-5CB215FD3291}"
EndProject
Project("{FAE04EC0-301F-11D3-BF4B-00C04F79EFBC}") = "RESTAURANTE", "RESTAURANTE\RESTAURANTE.csproj", "{77006B8A-D4CA-4C21-B39E-E5526480A9FE}"
EndProject
Global
	GlobalSection(SolutionConfigurationPlatforms) = preSolution
		Debug|Any CPU = Debug|Any CPU
		Release|Any CPU = Release|Any CPU
	EndGlobalSection
	GlobalSection(ProjectConfigurationPlatforms) = postSolution
		{7353BC0A-7124-4874-B3A4-5CB215FD3291}.Debug|Any CPU.ActiveCfg = Debug|Any CPU
		{7353BC0A-7124-4874-B3A4-5CB215FD3291}.Debug|Any CPU.Build.0 = Debug|Any CPU
		{7353BC0A-7124-4874-B3A4-5CB215FD3291}.Release|Any CPU.ActiveCfg = Release|Any CPU
		{7353BC0A-7124-4874-B3A4-5CB215FD3291}.Release|Any CPU.Build.0 = Release|Any CPU
		{77006B8A-D4CA-4C21-B39E-E5526480A9FE}.Debug|Any CPU.ActiveCfg = Debug|Any CPU
		{77006B8A-D4CA-4C21-B39E-E5526480A9FE}.Debug|Any CPU.Build.0 = Debug|Any CPU
		{77006B8A-D4CA-4C21-B39E-E5526480A9FE}.Release|Any CPU.ActiveCfg = Release|Any CPU
		{77006B8A-D4CA-4C21-B39E-E5526480A9FE}.Release|Any CPU.Build.0 = Release|Any CPU
	EndGlobalSection
	GlobalSection(SolutionProperties) = preSolution
		HideSolutionNode = FALSE
	EndGlobalSection
EndGlobal
